{
  "name": "extension-example",
  "lockfileVersion": 2,
  "requires": true,
  "packages": {
    "": {
      "dependencies": {
        "@crypto-com/defi-wallet-core-wasm": "file:../../bindings/wasm/target/wasmweb"
      }
    },
    "../../bindings/wasm/target/wasmweb": {
      "name": "@crypto-com/defi-wallet-core-wasm",
      "version": "0.2.0"
    },
    "node_modules/@crypto-com/defi-wallet-core-wasm": {
      "resolved": "../../bindings/wasm/target/wasmweb",
      "link": true
    }
  },
  "dependencies": {
    "@crypto-com/defi-wallet-core-wasm": {
      "version": "file:../../bindings/wasm/target/wasmweb"
    }
  }
}
