{
  "name": "extension-example",
  "lockfileVersion": 2,
  "requires": true,
  "packages": {
    "": {
      "dependencies": {
        "@crypto-com/defi-wallet-core-wasm": "^0.1.5"
      }
    },
    "node_modules/@crypto-com/defi-wallet-core-wasm": {
      "version": "0.1.5",
      "resolved": "https://monacohq.jfrog.io/artifactory/api/npm/defi-wallet-npm-dev/@crypto-com/defi-wallet-core-wasm/-/@crypto-com/defi-wallet-core-wasm-0.1.5.tgz",
      "integrity": "sha512-glHb07ppV2u8EaEt/dXtvwYbw2HPXux0uBgNNn5etyIsbOfivNDw0L5ri4pEL6KG/O+aIVHdSBxRXnovMe96kg=="
    }
  },
  "dependencies": {
    "@crypto-com/defi-wallet-core-wasm": {
      "version": "0.1.5",
      "resolved": "https://monacohq.jfrog.io/artifactory/api/npm/defi-wallet-npm-dev/@crypto-com/defi-wallet-core-wasm/-/@crypto-com/defi-wallet-core-wasm-0.1.5.tgz",
      "integrity": "sha512-glHb07ppV2u8EaEt/dXtvwYbw2HPXux0uBgNNn5etyIsbOfivNDw0L5ri4pEL6KG/O+aIVHdSBxRXnovMe96kg=="
    }
  }
}
